
Microsoft Visual Studio Solution File, Format Version 12.00
# Visual Studio 15
VisualStudioVersion = 15.0.28307.168
MinimumVisualStudioVersion = 10.0.40219.1
Project("{FAE04EC0-301F-11D3-BF4B-00C04F79EFBC}") = "GetMessages", "GetMessages\GetMessages.csproj", "{81133169-D1B9-4F75-AD71-1D7347823683}"
EndProject
Global
	GlobalSection(SolutionConfigurationPlatforms) = preSolution
		Debug|Any CPU = Debug|Any CPU
		Release|Any CPU = Release|Any CPU
	EndGlobalSection
	GlobalSection(ProjectConfigurationPlatforms) = postSolution
		{81133169-D1B9-4F75-AD71-1D7347823683}.Debug|Any CPU.ActiveCfg = Debug|Any CPU
		{81133169-D1B9-4F75-AD71-1D7347823683}.Debug|Any CPU.Build.0 = Debug|Any CPU
		{81133169-D1B9-4F75-AD71-1D7347823683}.Release|Any CPU.ActiveCfg = Release|Any CPU
		{81133169-D1B9-4F75-AD71-1D7347823683}.Release|Any CPU.Build.0 = Release|Any CPU
	EndGlobalSection
	GlobalSection(SolutionProperties) = preSolution
		HideSolutionNode = FALSE
	EndGlobalSection
	GlobalSection(ExtensibilityGlobals) = postSolution
		SolutionGuid = {CE10B6BA-AA7F-465E-8026-7544235B9B60}
	EndGlobalSection
EndGlobal
