
Microsoft Visual Studio Solution File, Format Version 12.00
# Visual Studio Version 16
VisualStudioVersion = 16.0.29009.5
MinimumVisualStudioVersion = 10.0.40219.1
Project("{FAE04EC0-301F-11D3-BF4B-00C04F79EFBC}") = "StacksAndQueues", "ConsoleApp1\StacksAndQueues.csproj", "{51681D96-5AF9-4612-9B37-8D6C08B7B00F}"
EndProject
Global
	GlobalSection(SolutionConfigurationPlatforms) = preSolution
		Debug|Any CPU = Debug|Any CPU
		Release|Any CPU = Release|Any CPU
	EndGlobalSection
	GlobalSection(ProjectConfigurationPlatforms) = postSolution
		{51681D96-5AF9-4612-9B37-8D6C08B7B00F}.Debug|Any CPU.ActiveCfg = Debug|Any CPU
		{51681D96-5AF9-4612-9B37-8D6C08B7B00F}.Debug|Any CPU.Build.0 = Debug|Any CPU
		{51681D96-5AF9-4612-9B37-8D6C08B7B00F}.Release|Any CPU.ActiveCfg = Release|Any CPU
		{51681D96-5AF9-4612-9B37-8D6C08B7B00F}.Release|Any CPU.Build.0 = Release|Any CPU
	EndGlobalSection
	GlobalSection(SolutionProperties) = preSolution
		HideSolutionNode = FALSE
	EndGlobalSection
	GlobalSection(ExtensibilityGlobals) = postSolution
		SolutionGuid = {99132147-EFF8-495D-A50E-81F499111BC1}
	EndGlobalSection
EndGlobal
